
Microsoft Visual Studio Solution File, Format Version 12.00
Project("{FAE04EC0-301F-11D3-BF4B-00C04F79EFBC}") = "EfficientCoding", "EfficientCoding\EfficientCoding.csproj", "{97E4BC13-29E5-4AC5-88AF-571AF704194D}"
EndProject
Global
	GlobalSection(SolutionConfigurationPlatforms) = preSolution
		Debug|Any CPU = Debug|Any CPU
		Release|Any CPU = Release|Any CPU
	EndGlobalSection
	GlobalSection(ProjectConfigurationPlatforms) = postSolution
		{97E4BC13-29E5-4AC5-88AF-571AF704194D}.Debug|Any CPU.ActiveCfg = Debug|Any CPU
		{97E4BC13-29E5-4AC5-88AF-571AF704194D}.Debug|Any CPU.Build.0 = Debug|Any CPU
		{97E4BC13-29E5-4AC5-88AF-571AF704194D}.Release|Any CPU.ActiveCfg = Release|Any CPU
		{97E4BC13-29E5-4AC5-88AF-571AF704194D}.Release|Any CPU.Build.0 = Release|Any CPU
	EndGlobalSection
EndGlobal
